
Microsoft Visual Studio Solution File, Format Version 12.00
# Visual Studio Version 16
VisualStudioVersion = 16.0.31829.152
MinimumVisualStudioVersion = 10.0.40219.1
Project("{9A19103F-16F7-4668-BE54-9A1E7A4F7556}") = "MobileAppAPI", "MobileAppAPI\MobileAppAPI.csproj", "{6D9B5937-E868-485D-9982-4E8EFDB3B1C3}"
EndProject
Project("{FAE04EC0-301F-11D3-BF4B-00C04F79EFBC}") = "MobileAppAPI.Tests", "MobileAppAPI.Tests\MobileAppAPI.Tests.csproj", "{8C245F37-5926-44BE-9CB3-70763C767AD7}"
EndProject
Global
	GlobalSection(SolutionConfigurationPlatforms) = preSolution
		Debug|Any CPU = Debug|Any CPU
		Release|Any CPU = Release|Any CPU
	EndGlobalSection
	GlobalSection(ProjectConfigurationPlatforms) = postSolution
		{6D9B5937-E868-485D-9982-4E8EFDB3B1C3}.Debug|Any CPU.ActiveCfg = Debug|Any CPU
		{6D9B5937-E868-485D-9982-4E8EFDB3B1C3}.Debug|Any CPU.Build.0 = Debug|Any CPU
		{6D9B5937-E868-485D-9982-4E8EFDB3B1C3}.Release|Any CPU.ActiveCfg = Release|Any CPU
		{6D9B5937-E868-485D-9982-4E8EFDB3B1C3}.Release|Any CPU.Build.0 = Release|Any CPU
		{8C245F37-5926-44BE-9CB3-70763C767AD7}.Debug|Any CPU.ActiveCfg = Debug|Any CPU
		{8C245F37-5926-44BE-9CB3-70763C767AD7}.Debug|Any CPU.Build.0 = Debug|Any CPU
		{8C245F37-5926-44BE-9CB3-70763C767AD7}.Release|Any CPU.ActiveCfg = Release|Any CPU
		{8C245F37-5926-44BE-9CB3-70763C767AD7}.Release|Any CPU.Build.0 = Release|Any CPU
	EndGlobalSection
	GlobalSection(SolutionProperties) = preSolution
		HideSolutionNode = FALSE
	EndGlobalSection
	GlobalSection(ExtensibilityGlobals) = postSolution
		SolutionGuid = {78C779F1-4C21-4A8C-AAD7-1033BD00F730}
	EndGlobalSection
EndGlobal
